
Microsoft Visual Studio Solution File, Format Version 12.00
# Visual Studio Version 16
VisualStudioVersion = 16.0.30517.126
MinimumVisualStudioVersion = 10.0.40219.1
Project("{FAE04EC0-301F-11D3-BF4B-00C04F79EFBC}") = "4kSP", "4kSP\4kSP.csproj", "{72FE4313-AE1F-4FA8-9FB2-1E7DF4F11DB5}"
EndProject
Project("{2150E333-8FDC-42A3-9474-1A3956D46DE8}") = "Solution Items", "Solution Items", "{3123641D-6DB9-4857-8978-2B3C82CEC7BE}"
	ProjectSection(SolutionItems) = preProject
		4kSP.version = 4kSP.version
		buildRelease.bat = buildRelease.bat
		ChangeLog.txt = ChangeLog.txt
		deploy.bat = deploy.bat
		jenkins.txt = jenkins.txt
		LICENSE.txt = LICENSE.txt
		README.md = README.md
	EndProjectSection
EndProject
Global
	GlobalSection(SolutionConfigurationPlatforms) = preSolution
		Debug|Any CPU = Debug|Any CPU
		Release|Any CPU = Release|Any CPU
	EndGlobalSection
	GlobalSection(ProjectConfigurationPlatforms) = postSolution
		{72FE4313-AE1F-4FA8-9FB2-1E7DF4F11DB5}.Debug|Any CPU.ActiveCfg = Debug|Any CPU
		{72FE4313-AE1F-4FA8-9FB2-1E7DF4F11DB5}.Debug|Any CPU.Build.0 = Debug|Any CPU
		{72FE4313-AE1F-4FA8-9FB2-1E7DF4F11DB5}.Release|Any CPU.ActiveCfg = Release|Any CPU
		{72FE4313-AE1F-4FA8-9FB2-1E7DF4F11DB5}.Release|Any CPU.Build.0 = Release|Any CPU
	EndGlobalSection
	GlobalSection(SolutionProperties) = preSolution
		HideSolutionNode = FALSE
	EndGlobalSection
	GlobalSection(ExtensibilityGlobals) = postSolution
		SolutionGuid = {6F0ECF54-C0F3-4FB9-874B-6E3DAC2BB581}
	EndGlobalSection
EndGlobal
